
Microsoft Visual Studio Solution File, Format Version 12.00
# Visual Studio Version 17
VisualStudioVersion = 17.8.34330.188
MinimumVisualStudioVersion = 10.0.40219.1
Project("{FAE04EC0-301F-11D3-BF4B-00C04F79EFBC}") = "Calculadora", "Calculadora\Calculadora.csproj", "{389810AA-DCB3-46D1-8B4F-522DC3F225E5}"
EndProject
Project("{FAE04EC0-301F-11D3-BF4B-00C04F79EFBC}") = "Test1", "Test1\Test1.csproj", "{0E21E76D-8677-4178-8BA4-F0F2E4692187}"
EndProject
Global
	GlobalSection(SolutionConfigurationPlatforms) = preSolution
		Debug|Any CPU = Debug|Any CPU
		Release|Any CPU = Release|Any CPU
	EndGlobalSection
	GlobalSection(ProjectConfigurationPlatforms) = postSolution
		{389810AA-DCB3-46D1-8B4F-522DC3F225E5}.Debug|Any CPU.ActiveCfg = Debug|Any CPU
		{389810AA-DCB3-46D1-8B4F-522DC3F225E5}.Debug|Any CPU.Build.0 = Debug|Any CPU
		{389810AA-DCB3-46D1-8B4F-522DC3F225E5}.Release|Any CPU.ActiveCfg = Release|Any CPU
		{389810AA-DCB3-46D1-8B4F-522DC3F225E5}.Release|Any CPU.Build.0 = Release|Any CPU
		{0E21E76D-8677-4178-8BA4-F0F2E4692187}.Debug|Any CPU.ActiveCfg = Debug|Any CPU
		{0E21E76D-8677-4178-8BA4-F0F2E4692187}.Debug|Any CPU.Build.0 = Debug|Any CPU
		{0E21E76D-8677-4178-8BA4-F0F2E4692187}.Release|Any CPU.ActiveCfg = Release|Any CPU
		{0E21E76D-8677-4178-8BA4-F0F2E4692187}.Release|Any CPU.Build.0 = Release|Any CPU
	EndGlobalSection
	GlobalSection(SolutionProperties) = preSolution
		HideSolutionNode = FALSE
	EndGlobalSection
	GlobalSection(ExtensibilityGlobals) = postSolution
		SolutionGuid = {C9110FD5-A05A-494D-B353-5E8BA5506CCB}
	EndGlobalSection
EndGlobal
